// !$*UTF8*$!
{
	archiveVersion = 1;
	classes = {
	};
	objectVersion = 55;
	objects = {

/* Begin PBXBuildFile section */
		701765B7271093EB0082425D /* AppDelegate.swift in Sources */ = {isa = PBXBuildFile; fileRef = 701765B6271093EB0082425D /* AppDelegate.swift */; };
		701765B9271093EB0082425D /* SceneDelegate.swift in Sources */ = {isa = PBXBuildFile; fileRef = 701765B8271093EB0082425D /* SceneDelegate.swift */; };
		701765BB271093EB0082425D /* ViewController.swift in Sources */ = {isa = PBXBuildFile; fileRef = 701765BA271093EB0082425D /* ViewController.swift */; };
		701765BE271093EB0082425D /* Main.storyboard in Resources */ = {isa = PBXBuildFile; fileRef = 701765BC271093EB0082425D /* Main.storyboard */; };
		701765C0271093EE0082425D /* Assets.xcassets in Resources */ = {isa = PBXBuildFile; fileRef = 701765BF271093EE0082425D /* Assets.xcassets */; };
		701765C3271093EE0082425D /* LaunchScreen.storyboard in Resources */ = {isa = PBXBuildFile; fileRef = 701765C1271093EE0082425D /* LaunchScreen.storyboard */; };
		709A94A927250C8400C2BF2F /* ProductModel.swift in Sources */ = {isa = PBXBuildFile; fileRef = 709A94A827250C8400C2BF2F /* ProductModel.swift */; };
		709A94AB27250D1F00C2BF2F /* ProductManager.swift in Sources */ = {isa = PBXBuildFile; fileRef = 709A94AA27250D1F00C2BF2F /* ProductManager.swift */; };
		709A94AE27250E9000C2BF2F /* myCustomButton.swift in Sources */ = {isa = PBXBuildFile; fileRef = 709A94AD27250E9000C2BF2F /* myCustomButton.swift */; };
		709A94B42725277600C2BF2F /* myCustomTableViewCell.swift in Sources */ = {isa = PBXBuildFile; fileRef = 709A94B32725277600C2BF2F /* myCustomTableViewCell.swift */; };
		709A94B6272533C700C2BF2F /* CashierModel.swift in Sources */ = {isa = PBXBuildFile; fileRef = 709A94B5272533C700C2BF2F /* CashierModel.swift */; };
		709A94B8272555F800C2BF2F /* historyTableViewController.swift in Sources */ = {isa = PBXBuildFile; fileRef = 709A94B7272555F800C2BF2F /* historyTableViewController.swift */; };
		709A94BA2725561400C2BF2F /* managerViewController.swift in Sources */ = {isa = PBXBuildFile; fileRef = 709A94B92725561400C2BF2F /* managerViewController.swift */; };
		709A94BC2725562400C2BF2F /* restockViewController.swift in Sources */ = {isa = PBXBuildFile; fileRef = 709A94BB2725562400C2BF2F /* restockViewController.swift */; };
		70D4EF6D2728DA41001B24AE /* HistoryModel.swift in Sources */ = {isa = PBXBuildFile; fileRef = 70D4EF6C2728DA41001B24AE /* HistoryModel.swift */; };
		70D4EF6F2728F2B9001B24AE /* HistoryManager.swift in Sources */ = {isa = PBXBuildFile; fileRef = 70D4EF6E2728F2B9001B24AE /* HistoryManager.swift */; };
		70D4EF7327290C37001B24AE /* historyDetailViewController.swift in Sources */ = {isa = PBXBuildFile; fileRef = 70D4EF7227290C37001B24AE /* historyDetailViewController.swift */; };
		70E405852724E2E8003A3DE3 /* .gitignore in Resources */ = {isa = PBXBuildFile; fileRef = 70E405842724E2E7003A3DE3 /* .gitignore */; };
		70E405882724E33C003A3DE3 /* README.md in Resources */ = {isa = PBXBuildFile; fileRef = 70E405872724E33C003A3DE3 /* README.md */; };
/* End PBXBuildFile section */

/* Begin PBXFileReference section */
		701765B3271093EB0082425D /* Assignment2-N01459385.app */ = {isa = PBXFileReference; explicitFileType = wrapper.application; includeInIndex = 0; path = "Assignment2-N01459385.app"; sourceTree = BUILT_PRODUCTS_DIR; };
		701765B6271093EB0082425D /* AppDelegate.swift */ = {isa = PBXFileReference; lastKnownFileType = sourcecode.swift; path = AppDelegate.swift; sourceTree = "<group>"; };
		701765B8271093EB0082425D /* SceneDelegate.swift */ = {isa = PBXFileReference; lastKnownFileType = sourcecode.swift; path = SceneDelegate.swift; sourceTree = "<group>"; };
		701765BA271093EB0082425D /* ViewController.swift */ = {isa = PBXFileReference; lastKnownFileType = sourcecode.swift; path = ViewController.swift; sourceTree = "<group>"; };
		701765BD271093EB0082425D /* Base */ = {isa = PBXFileReference; lastKnownFileType = file.storyboard; name = Base; path = Base.lproj/Main.storyboard; sourceTree = "<group>"; };
		701765BF271093EE0082425D /* Assets.xcassets */ = {isa = PBXFileReference; lastKnownFileType = folder.assetcatalog; path = Assets.xcassets; sourceTree = "<group>"; };
		701765C2271093EE0082425D /* Base */ = {isa = PBXFileReference; lastKnownFileType = file.storyboard; name = Base; path = Base.lproj/LaunchScreen.storyboard; sourceTree = "<group>"; };
		701765C4271093EF0082425D /* Info.plist */ = {isa = PBXFileReference; lastKnownFileType = text.plist.xml; path = Info.plist; sourceTree = "<group>"; };
		709A94A827250C8400C2BF2F /* ProductModel.swift */ = {isa = PBXFileReference; lastKnownFileType = sourcecode.swift; path = ProductModel.swift; sourceTree = "<group>"; };
		709A94AA27250D1F00C2BF2F /* ProductManager.swift */ = {isa = PBXFileReference; lastKnownFileType = sourcecode.swift; path = ProductManager.swift; sourceTree = "<group>"; };
		709A94AD27250E9000C2BF2F /* myCustomButton.swift */ = {isa = PBXFileReference; lastKnownFileType = sourcecode.swift; path = myCustomButton.swift; sourceTree = "<group>"; };
		709A94B32725277600C2BF2F /* myCustomTableViewCell.swift */ = {isa = PBXFileReference; lastKnownFileType = sourcecode.swift; path = myCustomTableViewCell.swift; sourceTree = "<group>"; };
		709A94B5272533C700C2BF2F /* CashierModel.swift */ = {isa = PBXFileReference; lastKnownFileType = sourcecode.swift; path = CashierModel.swift; sourceTree = "<group>"; };
		709A94B7272555F800C2BF2F /* historyTableViewController.swift */ = {isa = PBXFileReference; lastKnownFileType = sourcecode.swift; path = historyTableViewController.swift; sourceTree = "<group>"; };
		709A94B92725561400C2BF2F /* managerViewController.swift */ = {isa = PBXFileReference; lastKnownFileType = sourcecode.swift; path = managerViewController.swift; sourceTree = "<group>"; };
		709A94BB2725562400C2BF2F /* restockViewController.swift */ = {isa = PBXFileReference; lastKnownFileType = sourcecode.swift; path = restockViewController.swift; sourceTree = "<group>"; };
		70D4EF6C2728DA41001B24AE /* HistoryModel.swift */ = {isa = PBXFileReference; lastKnownFileType = sourcecode.swift; path = HistoryModel.swift; sourceTree = "<group>"; };
		70D4EF6E2728F2B9001B24AE /* HistoryManager.swift */ = {isa = PBXFileReference; lastKnownFileType = sourcecode.swift; path = HistoryManager.swift; sourceTree = "<group>"; };
		70D4EF7227290C37001B24AE /* historyDetailViewController.swift */ = {isa = PBXFileReference; lastKnownFileType = sourcecode.swift; path = historyDetailViewController.swift; sourceTree = "<group>"; };
		70E405842724E2E7003A3DE3 /* .gitignore */ = {isa = PBXFileReference; lastKnownFileType = text; path = .gitignore; sourceTree = "<group>"; };
		70E405872724E33C003A3DE3 /* README.md */ = {isa = PBXFileReference; lastKnownFileType = net.daringfireball.markdown; path = README.md; sourceTree = "<group>"; };
/* End PBXFileReference section */

/* Begin PBXFrameworksBuildPhase section */
		701765B0271093EB0082425D /* Frameworks */ = {
			isa = PBXFrameworksBuildPhase;
			buildActionMask = 2147483647;
			files = (
			);
			runOnlyForDeploymentPostprocessing = 0;
		};
/* End PBXFrameworksBuildPhase section */

/* Begin PBXGroup section */
		701765AA271093EB0082425D = {
			isa = PBXGroup;
			children = (
				70E405872724E33C003A3DE3 /* README.md */,
				70E405842724E2E7003A3DE3 /* .gitignore */,
				701765B5271093EB0082425D /* Assignment2-N01459385 */,
				701765B4271093EB0082425D /* Products */,
			);
			sourceTree = "<group>";
		};
		701765B4271093EB0082425D /* Products */ = {
			isa = PBXGroup;
			children = (
				701765B3271093EB0082425D /* Assignment2-N01459385.app */,
			);
			name = Products;
			sourceTree = "<group>";
		};
		701765B5271093EB0082425D /* Assignment2-N01459385 */ = {
			isa = PBXGroup;
			children = (
				701765B6271093EB0082425D /* AppDelegate.swift */,
				701765B8271093EB0082425D /* SceneDelegate.swift */,
				701765BC271093EB0082425D /* Main.storyboard */,
				701765BF271093EE0082425D /* Assets.xcassets */,
				701765C1271093EE0082425D /* LaunchScreen.storyboard */,
				701765C4271093EF0082425D /* Info.plist */,
				709A94AC27250E6500C2BF2F /* Model */,
				709A94AF27250EA200C2BF2F /* View */,
				709A94B027250EB700C2BF2F /* Controller */,
			);
			path = "Assignment2-N01459385";
			sourceTree = "<group>";
		};
		709A94AC27250E6500C2BF2F /* Model */ = {
			isa = PBXGroup;
			children = (
				709A94A827250C8400C2BF2F /* ProductModel.swift */,
				709A94AA27250D1F00C2BF2F /* ProductManager.swift */,
				709A94B5272533C700C2BF2F /* CashierModel.swift */,
				70D4EF6C2728DA41001B24AE /* HistoryModel.swift */,
				70D4EF6E2728F2B9001B24AE /* HistoryManager.swift */,
			);
			path = Model;
			sourceTree = "<group>";
		};
		709A94AF27250EA200C2BF2F /* View */ = {
			isa = PBXGroup;
			children = (
				709A94AD27250E9000C2BF2F /* myCustomButton.swift */,
				709A94B32725277600C2BF2F /* myCustomTableViewCell.swift */,
			);
			path = View;
			sourceTree = "<group>";
		};
		709A94B027250EB700C2BF2F /* Controller */ = {
			isa = PBXGroup;
			children = (
				701765BA271093EB0082425D /* ViewController.swift */,
				709A94B7272555F800C2BF2F /* historyTableViewController.swift */,
				709A94B92725561400C2BF2F /* managerViewController.swift */,
				709A94BB2725562400C2BF2F /* restockViewController.swift */,
				70D4EF7227290C37001B24AE /* historyDetailViewController.swift */,
			);
			path = Controller;
			sourceTree = "<group>";
		};
/* End PBXGroup section */

/* Begin PBXNativeTarget section */
		701765B2271093EB0082425D /* Assignment2-N01459385 */ = {
			isa = PBXNativeTarget;
			buildConfigurationList = 701765C7271093EF0082425D /* Build configuration list for PBXNativeTarget "Assignment2-N01459385" */;
			buildPhases = (
				701765AF271093EB0082425D /* Sources */,
				701765B0271093EB0082425D /* Frameworks */,
				701765B1271093EB0082425D /* Resources */,
			);
			buildRules = (
			);
			dependencies = (
			);
			name = "Assignment2-N01459385";
			productName = "Assignment2-N01459385";
			productReference = 701765B3271093EB0082425D /* Assignment2-N01459385.app */;
			productType = "com.apple.product-type.application";
		};
/* End PBXNativeTarget section */

/* Begin PBXProject section */
		701765AB271093EB0082425D /* Project object */ = {
			isa = PBXProject;
			attributes = {
				BuildIndependentTargetsInParallel = 1;
				LastSwiftUpdateCheck = 1300;
				LastUpgradeCheck = 1300;
				TargetAttributes = {
					701765B2271093EB0082425D = {
						CreatedOnToolsVersion = 13.0;
					};
				};
			};
			buildConfigurationList = 701765AE271093EB0082425D /* Build configuration list for PBXProject "Assignment2-N01459385" */;
			compatibilityVersion = "Xcode 13.0";
			developmentRegion = en;
			hasScannedForEncodings = 0;
			knownRegions = (
				en,
				Base,
			);
			mainGroup = 701765AA271093EB0082425D;
			productRefGroup = 701765B4271093EB0082425D /* Products */;
			projectDirPath = "";
			projectRoot = "";
			targets = (
				701765B2271093EB0082425D /* Assignment2-N01459385 */,
			);
		};
/* End PBXProject section */

/* Begin PBXResourcesBuildPhase section */
		701765B1271093EB0082425D /* Resources */ = {
			isa = PBXResourcesBuildPhase;
			buildActionMask = 2147483647;
			files = (
				70E405852724E2E8003A3DE3 /* .gitignore in Resources */,
				701765C3271093EE0082425D /* LaunchScreen.storyboard in Resources */,
				70E405882724E33C003A3DE3 /* README.md in Resources */,
				701765C0271093EE0082425D /* Assets.xcassets in Resources */,
				701765BE271093EB0082425D /* Main.storyboard in Resources */,
			);
			runOnlyForDeploymentPostprocessing = 0;
		};
/* End PBXResourcesBuildPhase section */

/* Begin PBXSourcesBuildPhase section */
		701765AF271093EB0082425D /* Sources */ = {
			isa = PBXSourcesBuildPhase;
			buildActionMask = 2147483647;
			files = (
				709A94AE27250E9000C2BF2F /* myCustomButton.swift in Sources */,
				701765BB271093EB0082425D /* ViewController.swift in Sources */,
				709A94AB27250D1F00C2BF2F /* ProductManager.swift in Sources */,
				709A94B42725277600C2BF2F /* myCustomTableViewCell.swift in Sources */,
				709A94BC2725562400C2BF2F /* restockViewController.swift in Sources */,
				709A94B8272555F800C2BF2F /* historyTableViewController.swift in Sources */,
				70D4EF6F2728F2B9001B24AE /* HistoryManager.swift in Sources */,
				701765B7271093EB0082425D /* AppDelegate.swift in Sources */,
				709A94BA2725561400C2BF2F /* managerViewController.swift in Sources */,
				70D4EF6D2728DA41001B24AE /* HistoryModel.swift in Sources */,
				709A94B6272533C700C2BF2F /* CashierModel.swift in Sources */,
				701765B9271093EB0082425D /* SceneDelegate.swift in Sources */,
				70D4EF7327290C37001B24AE /* historyDetailViewController.swift in Sources */,
				709A94A927250C8400C2BF2F /* ProductModel.swift in Sources */,
			);
			runOnlyForDeploymentPostprocessing = 0;
		};
/* End PBXSourcesBuildPhase section */

/* Begin PBXVariantGroup section */
		701765BC271093EB0082425D /* Main.storyboard */ = {
			isa = PBXVariantGroup;
			children = (
				701765BD271093EB0082425D /* Base */,
			);
			name = Main.storyboard;
			sourceTree = "<group>";
		};
		701765C1271093EE0082425D /* LaunchScreen.storyboard */ = {
			isa = PBXVariantGroup;
			children = (
				701765C2271093EE0082425D /* Base */,
			);
			name = LaunchScreen.storyboard;
			sourceTree = "<group>";
		};
/* End PBXVariantGroup section */

/* Begin XCBuildConfiguration section */
		701765C5271093EF0082425D /* Debug */ = {
			isa = XCBuildConfiguration;
			buildSettings = {
				ALWAYS_SEARCH_USER_PATHS = NO;
				CLANG_ANALYZER_NONNULL = YES;
				CLANG_ANALYZER_NUMBER_OBJECT_CONVERSION = YES_AGGRESSIVE;
				CLANG_CXX_LANGUAGE_STANDARD = "gnu++17";
				CLANG_CXX_LIBRARY = "libc++";
				CLANG_ENABLE_MODULES = YES;
				CLANG_ENABLE_OBJC_ARC = YES;
				CLANG_ENABLE_OBJC_WEAK = YES;
				CLANG_WARN_BLOCK_CAPTURE_AUTORELEASING = YES;
				CLANG_WARN_BOOL_CONVERSION = YES;
				CLANG_WARN_COMMA = YES;
				CLANG_WARN_CONSTANT_CONVERSION = YES;
				CLANG_WARN_DEPRECATED_OBJC_IMPLEMENTATIONS = YES;
				CLANG_WARN_DIRECT_OBJC_ISA_USAGE = YES_ERROR;
				CLANG_WARN_DOCUMENTATION_COMMENTS = YES;
				CLANG_WARN_EMPTY_BODY = YES;
				CLANG_WARN_ENUM_CONVERSION = YES;
				CLANG_WARN_INFINITE_RECURSION = YES;
				CLANG_WARN_INT_CONVERSION = YES;
				CLANG_WARN_NON_LITERAL_NULL_CONVERSION = YES;
				CLANG_WARN_OBJC_IMPLICIT_RETAIN_SELF = YES;
				CLANG_WARN_OBJC_LITERAL_CONVERSION = YES;
				CLANG_WARN_OBJC_ROOT_CLASS = YES_ERROR;
				CLANG_WARN_QUOTED_INCLUDE_IN_FRAMEWORK_HEADER = YES;
				CLANG_WARN_RANGE_LOOP_ANALYSIS = YES;
				CLANG_WARN_STRICT_PROTOTYPES = YES;
				CLANG_WARN_SUSPICIOUS_MOVE = YES;
				CLANG_WARN_UNGUARDED_AVAILABILITY = YES_AGGRESSIVE;
				CLANG_WARN_UNREACHABLE_CODE = YES;
				CLANG_WARN__DUPLICATE_METHOD_MATCH = YES;
				COPY_PHASE_STRIP = NO;
				DEBUG_INFORMATION_FORMAT = dwarf;
				ENABLE_STRICT_OBJC_MSGSEND = YES;
				ENABLE_TESTABILITY = YES;
				GCC_C_LANGUAGE_STANDARD = gnu11;
				GCC_DYNAMIC_NO_PIC = NO;
				GCC_NO_COMMON_BLOCKS = YES;
				GCC_OPTIMIZATION_LEVEL = 0;
				GCC_PREPROCESSOR_DEFINITIONS = (
					"DEBUG=1",
					"$(inherited)",
				);
				GCC_WARN_64_TO_32_BIT_CONVERSION = YES;
				GCC_WARN_ABOUT_RETURN_TYPE = YES_ERROR;
				GCC_WARN_UNDECLARED_SELECTOR = YES;
				GCC_WARN_UNINITIALIZED_AUTOS = YES_AGGRESSIVE;
				GCC_WARN_UNUSED_FUNCTION = YES;
				GCC_WARN_UNUSED_VARIABLE = YES;
				IPHONEOS_DEPLOYMENT_TARGET = 15.0;
				MTL_ENABLE_DEBUG_INFO = INCLUDE_SOURCE;
				MTL_FAST_MATH = YES;
				ONLY_ACTIVE_ARCH = YES;
				SDKROOT = iphoneos;
				SWIFT_ACTIVE_COMPILATION_CONDITIONS = DEBUG;
				SWIFT_OPTIMIZATION_LEVEL = "-Onone";
			};
			name = Debug;
		};
		701765C6271093EF0082425D /* Release */ = {
			isa = XCBuildConfiguration;
			buildSettings = {
				ALWAYS_SEARCH_USER_PATHS = NO;
				CLANG_ANALYZER_NONNULL = YES;
				CLANG_ANALYZER_NUMBER_OBJECT_CONVERSION = YES_AGGRESSIVE;
				CLANG_CXX_LANGUAGE_STANDARD = "gnu++17";
				CLANG_CXX_LIBRARY = "libc++";
				CLANG_ENABLE_MODULES = YES;
				CLANG_ENABLE_OBJC_ARC = YES;
				CLANG_ENABLE_OBJC_WEAK = YES;
				CLANG_WARN_BLOCK_CAPTURE_AUTORELEASING = YES;
				CLANG_WARN_BOOL_CONVERSION = YES;
				CLANG_WARN_COMMA = YES;
				CLANG_WARN_CONSTANT_CONVERSION = YES;
				CLANG_WARN_DEPRECATED_OBJC_IMPLEMENTATIONS = YES;
				CLANG_WARN_DIRECT_OBJC_ISA_USAGE = YES_ERROR;
				CLANG_WARN_DOCUMENTATION_COMMENTS = YES;
				CLANG_WARN_EMPTY_BODY = YES;
				CLANG_WARN_ENUM_CONVERSION = YES;
				CLANG_WARN_INFINITE_RECURSION = YES;
				CLANG_WARN_INT_CONVERSION = YES;
				CLANG_WARN_NON_LITERAL_NULL_CONVERSION = YES;
				CLANG_WARN_OBJC_IMPLICIT_RETAIN_SELF = YES;
				CLANG_WARN_OBJC_LITERAL_CONVERSION = YES;
				CLANG_WARN_OBJC_ROOT_CLASS = YES_ERROR;
				CLANG_WARN_QUOTED_INCLUDE_IN_FRAMEWORK_HEADER = YES;
				CLANG_WARN_RANGE_LOOP_ANALYSIS = YES;
				CLANG_WARN_STRICT_PROTOTYPES = YES;
				CLANG_WARN_SUSPICIOUS_MOVE = YES;
				CLANG_WARN_UNGUARDED_AVAILABILITY = YES_AGGRESSIVE;
				CLANG_WARN_UNREACHABLE_CODE = YES;
				CLANG_WARN__DUPLICATE_METHOD_MATCH = YES;
				COPY_PHASE_STRIP = NO;
				DEBUG_INFORMATION_FORMAT = "dwarf-with-dsym";
				ENABLE_NS_ASSERTIONS = NO;
				ENABLE_STRICT_OBJC_MSGSEND = YES;
				GCC_C_LANGUAGE_STANDARD = gnu11;
				GCC_NO_COMMON_BLOCKS = YES;
				GCC_WARN_64_TO_32_BIT_CONVERSION = YES;
				GCC_WARN_ABOUT_RETURN_TYPE = YES_ERROR;
				GCC_WARN_UNDECLARED_SELECTOR = YES;
				GCC_WARN_UNINITIALIZED_AUTOS = YES_AGGRESSIVE;
				GCC_WARN_UNUSED_FUNCTION = YES;
				GCC_WARN_UNUSED_VARIABLE = YES;
				IPHONEOS_DEPLOYMENT_TARGET = 15.0;
				MTL_ENABLE_DEBUG_INFO = NO;
				MTL_FAST_MATH = YES;
				SDKROOT = iphoneos;
				SWIFT_COMPILATION_MODE = wholemodule;
				SWIFT_OPTIMIZATION_LEVEL = "-O";
				VALIDATE_PRODUCT = YES;
			};
			name = Release;
		};
		701765C8271093EF0082425D /* Debug */ = {
			isa = XCBuildConfiguration;
			buildSettings = {
				ASSETCATALOG_COMPILER_APPICON_NAME = AppIcon;
				ASSETCATALOG_COMPILER_GLOBAL_ACCENT_COLOR_NAME = AccentColor;
				CODE_SIGN_STYLE = Automatic;
				CURRENT_PROJECT_VERSION = 1;
				DEVELOPMENT_TEAM = W55N9X4F39;
				GENERATE_INFOPLIST_FILE = YES;
				INFOPLIST_FILE = "Assignment2-N01459385/Info.plist";
				INFOPLIST_KEY_CFBundleDisplayName = "Assignment 02";
				INFOPLIST_KEY_UIApplicationSupportsIndirectInputEvents = YES;
				INFOPLIST_KEY_UILaunchStoryboardName = LaunchScreen;
				INFOPLIST_KEY_UIMainStoryboardFile = Main;
				INFOPLIST_KEY_UISupportedInterfaceOrientations_iPad = "UIInterfaceOrientationPortrait UIInterfaceOrientationPortraitUpsideDown UIInterfaceOrientationLandscapeLeft UIInterfaceOrientationLandscapeRight";
				INFOPLIST_KEY_UISupportedInterfaceOrientations_iPhone = "UIInterfaceOrientationPortrait UIInterfaceOrientationLandscapeLeft UIInterfaceOrientationLandscapeRight";
				LD_RUNPATH_SEARCH_PATHS = (
					"$(inherited)",
					"@executable_path/Frameworks",
				);
				MARKETING_VERSION = 1.0;
				PRODUCT_BUNDLE_IDENTIFIER = "ca.humber.Assignment2-N01459385";
				PRODUCT_NAME = "$(TARGET_NAME)";
				SWIFT_EMIT_LOC_STRINGS = YES;
				SWIFT_VERSION = 5.0;
				TARGETED_DEVICE_FAMILY = "1,2";
			};
			name = Debug;
		};
		701765C9271093EF0082425D /* Release */ = {
			isa = XCBuildConfiguration;
			buildSettings = {
				ASSETCATALOG_COMPILER_APPICON_NAME = AppIcon;
				ASSETCATALOG_COMPILER_GLOBAL_ACCENT_COLOR_NAME = AccentColor;
				CODE_SIGN_STYLE = Automatic;
				CURRENT_PROJECT_VERSION = 1;
				DEVELOPMENT_TEAM = W55N9X4F39;
				GENERATE_INFOPLIST_FILE = YES;
				INFOPLIST_FILE = "Assignment2-N01459385/Info.plist";
				INFOPLIST_KEY_CFBundleDisplayName = "Assignment 02";
				INFOPLIST_KEY_UIApplicationSupportsIndirectInputEvents = YES;
				INFOPLIST_KEY_UILaunchStoryboardName = LaunchScreen;
				INFOPLIST_KEY_UIMainStoryboardFile = Main;
				INFOPLIST_KEY_UISupportedInterfaceOrientations_iPad = "UIInterfaceOrientationPortrait UIInterfaceOrientationPortraitUpsideDown UIInterfaceOrientationLandscapeLeft UIInterfaceOrientationLandscapeRight";
				INFOPLIST_KEY_UISupportedInterfaceOrientations_iPhone = "UIInterfaceOrientationPortrait UIInterfaceOrientationLandscapeLeft UIInterfaceOrientationLandscapeRight";
				LD_RUNPATH_SEARCH_PATHS = (
					"$(inherited)",
					"@executable_path/Frameworks",
				);
				MARKETING_VERSION = 1.0;
				PRODUCT_BUNDLE_IDENTIFIER = "ca.humber.Assignment2-N01459385";
				PRODUCT_NAME = "$(TARGET_NAME)";
				SWIFT_EMIT_LOC_STRINGS = YES;
				SWIFT_VERSION = 5.0;
				TARGETED_DEVICE_FAMILY = "1,2";
			};
			name = Release;
		};
/* End XCBuildConfiguration section */

/* Begin XCConfigurationList section */
		701765AE271093EB0082425D /* Build configuration list for PBXProject "Assignment2-N01459385" */ = {
			isa = XCConfigurationList;
			buildConfigurations = (
				701765C5271093EF0082425D /* Debug */,
				701765C6271093EF0082425D /* Release */,
			);
			defaultConfigurationIsVisible = 0;
			defaultConfigurationName = Release;
		};
		701765C7271093EF0082425D /* Build configuration list for PBXNativeTarget "Assignment2-N01459385" */ = {
			isa = XCConfigurationList;
			buildConfigurations = (
				701765C8271093EF0082425D /* Debug */,
				701765C9271093EF0082425D /* Release */,
			);
			defaultConfigurationIsVisible = 0;
			defaultConfigurationName = Release;
		};
/* End XCConfigurationList section */
	};
	rootObject = 701765AB271093EB0082425D /* Project object */;
}
